// !$*UTF8*$!
{
	archiveVersion = 1;
	classes = {
	};
	objectVersion = 63;
	objects = {

/* Begin PBXBuildFile section */
		01C8B2E62C58E0BD00465831 /* PageFourView.swift in Sources */ = {isa = PBXBuildFile; fileRef = 01C8B2E52C58E0BD00465831 /* PageFourView.swift */; };
		01F5C0372C4F69B00090C5F4 /* JournalApp.swift in Sources */ = {isa = PBXBuildFile; fileRef = 01F5C0362C4F69B00090C5F4 /* JournalApp.swift */; };
		01F5C0392C4F69B00090C5F4 /* JournalView.swift in Sources */ = {isa = PBXBuildFile; fileRef = 01F5C0382C4F69B00090C5F4 /* JournalView.swift */; };
		01F5C03B2C4F69B20090C5F4 /* Assets.xcassets in Resources */ = {isa = PBXBuildFile; fileRef = 01F5C03A2C4F69B20090C5F4 /* Assets.xcassets */; };
		01F5C03E2C4F69B20090C5F4 /* Preview Assets.xcassets in Resources */ = {isa = PBXBuildFile; fileRef = 01F5C03D2C4F69B20090C5F4 /* Preview Assets.xcassets */; };
		01F5C0492C50C2120090C5F4 /* PageOneView.swift in Sources */ = {isa = PBXBuildFile; fileRef = 01F5C0482C50C2120090C5F4 /* PageOneView.swift */; };
		01F5C04B2C50C2C90090C5F4 /* PageTwoView.swift in Sources */ = {isa = PBXBuildFile; fileRef = 01F5C04A2C50C2C90090C5F4 /* PageTwoView.swift */; };
		01F5C04D2C50C2EA0090C5F4 /* PageThreeView.swift in Sources */ = {isa = PBXBuildFile; fileRef = 01F5C04C2C50C2EA0090C5F4 /* PageThreeView.swift */; };
		01F5C04F2C50F14C0090C5F4 /* JournalViewModel.swift in Sources */ = {isa = PBXBuildFile; fileRef = 01F5C04E2C50F14C0090C5F4 /* JournalViewModel.swift */; };
		01F5C05A2C51EA750090C5F4 /* TitilliumWeb-Light.ttf in Resources */ = {isa = PBXBuildFile; fileRef = 01F5C0562C51E3D10090C5F4 /* TitilliumWeb-Light.ttf */; };
		01F5C05C2C51ED780090C5F4 /* Font Extension.swift in Sources */ = {isa = PBXBuildFile; fileRef = 01F5C05B2C51ED780090C5F4 /* Font Extension.swift */; };
		01F5C05E2C5249420090C5F4 /* JournalModel.swift in Sources */ = {isa = PBXBuildFile; fileRef = 01F5C05D2C5249420090C5F4 /* JournalModel.swift */; };
		01F5C0612C5257810090C5F4 /* SQLite in Frameworks */ = {isa = PBXBuildFile; productRef = 01F5C0602C5257810090C5F4 /* SQLite */; };
		01F5C0632C5258140090C5F4 /* File.swift in Sources */ = {isa = PBXBuildFile; fileRef = 01F5C0622C5258140090C5F4 /* File.swift */; };
/* End PBXBuildFile section */

/* Begin PBXFileReference section */
		01C8B2E52C58E0BD00465831 /* PageFourView.swift */ = {isa = PBXFileReference; lastKnownFileType = sourcecode.swift; path = PageFourView.swift; sourceTree = "<group>"; };
		01F5C0332C4F69B00090C5F4 /* Journal.app */ = {isa = PBXFileReference; explicitFileType = wrapper.application; includeInIndex = 0; path = Journal.app; sourceTree = BUILT_PRODUCTS_DIR; };
		01F5C0362C4F69B00090C5F4 /* JournalApp.swift */ = {isa = PBXFileReference; lastKnownFileType = sourcecode.swift; path = JournalApp.swift; sourceTree = "<group>"; };
		01F5C0382C4F69B00090C5F4 /* JournalView.swift */ = {isa = PBXFileReference; lastKnownFileType = sourcecode.swift; path = JournalView.swift; sourceTree = "<group>"; };
		01F5C03A2C4F69B20090C5F4 /* Assets.xcassets */ = {isa = PBXFileReference; lastKnownFileType = folder.assetcatalog; path = Assets.xcassets; sourceTree = "<group>"; };
		01F5C03D2C4F69B20090C5F4 /* Preview Assets.xcassets */ = {isa = PBXFileReference; lastKnownFileType = folder.assetcatalog; path = "Preview Assets.xcassets"; sourceTree = "<group>"; };
		01F5C0482C50C2120090C5F4 /* PageOneView.swift */ = {isa = PBXFileReference; lastKnownFileType = sourcecode.swift; path = PageOneView.swift; sourceTree = "<group>"; };
		01F5C04A2C50C2C90090C5F4 /* PageTwoView.swift */ = {isa = PBXFileReference; lastKnownFileType = sourcecode.swift; path = PageTwoView.swift; sourceTree = "<group>"; };
		01F5C04C2C50C2EA0090C5F4 /* PageThreeView.swift */ = {isa = PBXFileReference; lastKnownFileType = sourcecode.swift; path = PageThreeView.swift; sourceTree = "<group>"; };
		01F5C04E2C50F14C0090C5F4 /* JournalViewModel.swift */ = {isa = PBXFileReference; lastKnownFileType = sourcecode.swift; path = JournalViewModel.swift; sourceTree = "<group>"; };
		01F5C0562C51E3D10090C5F4 /* TitilliumWeb-Light.ttf */ = {isa = PBXFileReference; lastKnownFileType = file; path = "TitilliumWeb-Light.ttf"; sourceTree = "<group>"; };
		01F5C0582C51E6420090C5F4 /* Info.plist */ = {isa = PBXFileReference; lastKnownFileType = text.plist; path = Info.plist; sourceTree = "<group>"; };
		01F5C05B2C51ED780090C5F4 /* Font Extension.swift */ = {isa = PBXFileReference; lastKnownFileType = sourcecode.swift; path = "Font Extension.swift"; sourceTree = "<group>"; };
		01F5C05D2C5249420090C5F4 /* JournalModel.swift */ = {isa = PBXFileReference; lastKnownFileType = sourcecode.swift; path = JournalModel.swift; sourceTree = "<group>"; };
		01F5C0622C5258140090C5F4 /* File.swift */ = {isa = PBXFileReference; lastKnownFileType = sourcecode.swift; path = File.swift; sourceTree = "<group>"; };
/* End PBXFileReference section */

/* Begin PBXFrameworksBuildPhase section */
		01F5C0302C4F69AF0090C5F4 /* Frameworks */ = {
			isa = PBXFrameworksBuildPhase;
			buildActionMask = 2147483647;
			files = (
				01F5C0612C5257810090C5F4 /* SQLite in Frameworks */,
			);
			runOnlyForDeploymentPostprocessing = 0;
		};
/* End PBXFrameworksBuildPhase section */

/* Begin PBXGroup section */
		01F5C02A2C4F69AF0090C5F4 = {
			isa = PBXGroup;
			children = (
				01F5C0352C4F69B00090C5F4 /* Journal */,
				01F5C0342C4F69B00090C5F4 /* Products */,
			);
			sourceTree = "<group>";
		};
		01F5C0342C4F69B00090C5F4 /* Products */ = {
			isa = PBXGroup;
			children = (
				01F5C0332C4F69B00090C5F4 /* Journal.app */,
			);
			name = Products;
			sourceTree = "<group>";
		};
		01F5C0352C4F69B00090C5F4 /* Journal */ = {
			isa = PBXGroup;
			children = (
				01F5C0582C51E6420090C5F4 /* Info.plist */,
				01F5C0562C51E3D10090C5F4 /* TitilliumWeb-Light.ttf */,
				01F5C04C2C50C2EA0090C5F4 /* PageThreeView.swift */,
				01F5C0362C4F69B00090C5F4 /* JournalApp.swift */,
				01F5C0382C4F69B00090C5F4 /* JournalView.swift */,
				01C8B2E52C58E0BD00465831 /* PageFourView.swift */,
				01F5C0482C50C2120090C5F4 /* PageOneView.swift */,
				01F5C04A2C50C2C90090C5F4 /* PageTwoView.swift */,
				01F5C04E2C50F14C0090C5F4 /* JournalViewModel.swift */,
				01F5C05D2C5249420090C5F4 /* JournalModel.swift */,
				01F5C03A2C4F69B20090C5F4 /* Assets.xcassets */,
				01F5C03C2C4F69B20090C5F4 /* Preview Content */,
				01F5C05B2C51ED780090C5F4 /* Font Extension.swift */,
				01F5C0622C5258140090C5F4 /* File.swift */,
			);
			path = Journal;
			sourceTree = "<group>";
		};
		01F5C03C2C4F69B20090C5F4 /* Preview Content */ = {
			isa = PBXGroup;
			children = (
				01F5C03D2C4F69B20090C5F4 /* Preview Assets.xcassets */,
			);
			path = "Preview Content";
			sourceTree = "<group>";
		};
/* End PBXGroup section */

/* Begin PBXNativeTarget section */
		01F5C0322C4F69AF0090C5F4 /* Journal */ = {
			isa = PBXNativeTarget;
			buildConfigurationList = 01F5C0412C4F69B20090C5F4 /* Build configuration list for PBXNativeTarget "Journal" */;
			buildPhases = (
				01F5C02F2C4F69AF0090C5F4 /* Sources */,
				01F5C0302C4F69AF0090C5F4 /* Frameworks */,
				01F5C0312C4F69AF0090C5F4 /* Resources */,
			);
			buildRules = (
			);
			dependencies = (
			);
			name = Journal;
			packageProductDependencies = (
				01F5C0602C5257810090C5F4 /* SQLite */,
			);
			productName = Journal;
			productReference = 01F5C0332C4F69B00090C5F4 /* Journal.app */;
			productType = "com.apple.product-type.application";
		};
/* End PBXNativeTarget section */

/* Begin PBXProject section */
		01F5C02B2C4F69AF0090C5F4 /* Project object */ = {
			isa = PBXProject;
			attributes = {
				BuildIndependentTargetsInParallel = 1;
				KnownAssetTags = (
					New,
				);
				LastSwiftUpdateCheck = 1540;
				LastUpgradeCheck = 1540;
				TargetAttributes = {
					01F5C0322C4F69AF0090C5F4 = {
						CreatedOnToolsVersion = 15.4;
					};
				};
			};
			buildConfigurationList = 01F5C02E2C4F69AF0090C5F4 /* Build configuration list for PBXProject "Journal" */;
			compatibilityVersion = "Xcode 15.3";
			developmentRegion = en;
			hasScannedForEncodings = 0;
			knownRegions = (
				en,
				Base,
			);
			mainGroup = 01F5C02A2C4F69AF0090C5F4;
			packageReferences = (
				01F5C05F2C5257810090C5F4 /* XCRemoteSwiftPackageReference "SQLite.swift" */,
			);
			productRefGroup = 01F5C0342C4F69B00090C5F4 /* Products */;
			projectDirPath = "";
			projectRoot = "";
			targets = (
				01F5C0322C4F69AF0090C5F4 /* Journal */,
			);
		};
/* End PBXProject section */

/* Begin PBXResourcesBuildPhase section */
		01F5C0312C4F69AF0090C5F4 /* Resources */ = {
			isa = PBXResourcesBuildPhase;
			buildActionMask = 2147483647;
			files = (
				01F5C05A2C51EA750090C5F4 /* TitilliumWeb-Light.ttf in Resources */,
				01F5C03E2C4F69B20090C5F4 /* Preview Assets.xcassets in Resources */,
				01F5C03B2C4F69B20090C5F4 /* Assets.xcassets in Resources */,
			);
			runOnlyForDeploymentPostprocessing = 0;
		};
/* End PBXResourcesBuildPhase section */

/* Begin PBXSourcesBuildPhase section */
		01F5C02F2C4F69AF0090C5F4 /* Sources */ = {
			isa = PBXSourcesBuildPhase;
			buildActionMask = 2147483647;
			files = (
				01F5C04F2C50F14C0090C5F4 /* JournalViewModel.swift in Sources */,
				01F5C05E2C5249420090C5F4 /* JournalModel.swift in Sources */,
				01F5C04B2C50C2C90090C5F4 /* PageTwoView.swift in Sources */,
				01F5C04D2C50C2EA0090C5F4 /* PageThreeView.swift in Sources */,
				01C8B2E62C58E0BD00465831 /* PageFourView.swift in Sources */,
				01F5C0392C4F69B00090C5F4 /* JournalView.swift in Sources */,
				01F5C0372C4F69B00090C5F4 /* JournalApp.swift in Sources */,
				01F5C0492C50C2120090C5F4 /* PageOneView.swift in Sources */,
				01F5C0632C5258140090C5F4 /* File.swift in Sources */,
				01F5C05C2C51ED780090C5F4 /* Font Extension.swift in Sources */,
			);
			runOnlyForDeploymentPostprocessing = 0;
		};
/* End PBXSourcesBuildPhase section */

/* Begin XCBuildConfiguration section */
		01F5C03F2C4F69B20090C5F4 /* Debug */ = {
			isa = XCBuildConfiguration;
			buildSettings = {
				ALWAYS_SEARCH_USER_PATHS = NO;
				ASSETCATALOG_COMPILER_GENERATE_SWIFT_ASSET_SYMBOL_EXTENSIONS = YES;
				CLANG_ANALYZER_NONNULL = YES;
				CLANG_ANALYZER_NUMBER_OBJECT_CONVERSION = YES_AGGRESSIVE;
				CLANG_CXX_LANGUAGE_STANDARD = "gnu++20";
				CLANG_ENABLE_MODULES = YES;
				CLANG_ENABLE_OBJC_ARC = YES;
				CLANG_ENABLE_OBJC_WEAK = YES;
				CLANG_WARN_BLOCK_CAPTURE_AUTORELEASING = YES;
				CLANG_WARN_BOOL_CONVERSION = YES;
				CLANG_WARN_COMMA = YES;
				CLANG_WARN_CONSTANT_CONVERSION = YES;
				CLANG_WARN_DEPRECATED_OBJC_IMPLEMENTATIONS = YES;
				CLANG_WARN_DIRECT_OBJC_ISA_USAGE = YES_ERROR;
				CLANG_WARN_DOCUMENTATION_COMMENTS = YES;
				CLANG_WARN_EMPTY_BODY = YES;
				CLANG_WARN_ENUM_CONVERSION = YES;
				CLANG_WARN_INFINITE_RECURSION = YES;
				CLANG_WARN_INT_CONVERSION = YES;
				CLANG_WARN_NON_LITERAL_NULL_CONVERSION = YES;
				CLANG_WARN_OBJC_IMPLICIT_RETAIN_SELF = YES;
				CLANG_WARN_OBJC_LITERAL_CONVERSION = YES;
				CLANG_WARN_OBJC_ROOT_CLASS = YES_ERROR;
				CLANG_WARN_QUOTED_INCLUDE_IN_FRAMEWORK_HEADER = YES;
				CLANG_WARN_RANGE_LOOP_ANALYSIS = YES;
				CLANG_WARN_STRICT_PROTOTYPES = YES;
				CLANG_WARN_SUSPICIOUS_MOVE = YES;
				CLANG_WARN_UNGUARDED_AVAILABILITY = YES_AGGRESSIVE;
				CLANG_WARN_UNREACHABLE_CODE = YES;
				CLANG_WARN__DUPLICATE_METHOD_MATCH = YES;
				COPY_PHASE_STRIP = NO;
				DEBUG_INFORMATION_FORMAT = dwarf;
				ENABLE_STRICT_OBJC_MSGSEND = YES;
				ENABLE_TESTABILITY = YES;
				ENABLE_USER_SCRIPT_SANDBOXING = YES;
				GCC_C_LANGUAGE_STANDARD = gnu17;
				GCC_DYNAMIC_NO_PIC = NO;
				GCC_NO_COMMON_BLOCKS = YES;
				GCC_OPTIMIZATION_LEVEL = 0;
				GCC_PREPROCESSOR_DEFINITIONS = (
					"DEBUG=1",
					"$(inherited)",
				);
				GCC_WARN_64_TO_32_BIT_CONVERSION = YES;
				GCC_WARN_ABOUT_RETURN_TYPE = YES_ERROR;
				GCC_WARN_UNDECLARED_SELECTOR = YES;
				GCC_WARN_UNINITIALIZED_AUTOS = YES_AGGRESSIVE;
				GCC_WARN_UNUSED_FUNCTION = YES;
				GCC_WARN_UNUSED_VARIABLE = YES;
				IPHONEOS_DEPLOYMENT_TARGET = 17.5;
				LOCALIZATION_PREFERS_STRING_CATALOGS = YES;
				MTL_ENABLE_DEBUG_INFO = INCLUDE_SOURCE;
				MTL_FAST_MATH = YES;
				ONLY_ACTIVE_ARCH = YES;
				SDKROOT = iphoneos;
				SWIFT_ACTIVE_COMPILATION_CONDITIONS = "DEBUG $(inherited)";
				SWIFT_OPTIMIZATION_LEVEL = "-Onone";
			};
			name = Debug;
		};
		01F5C0402C4F69B20090C5F4 /* Release */ = {
			isa = XCBuildConfiguration;
			buildSettings = {
				ALWAYS_SEARCH_USER_PATHS = NO;
				ASSETCATALOG_COMPILER_GENERATE_SWIFT_ASSET_SYMBOL_EXTENSIONS = YES;
				CLANG_ANALYZER_NONNULL = YES;
				CLANG_ANALYZER_NUMBER_OBJECT_CONVERSION = YES_AGGRESSIVE;
				CLANG_CXX_LANGUAGE_STANDARD = "gnu++20";
				CLANG_ENABLE_MODULES = YES;
				CLANG_ENABLE_OBJC_ARC = YES;
				CLANG_ENABLE_OBJC_WEAK = YES;
				CLANG_WARN_BLOCK_CAPTURE_AUTORELEASING = YES;
				CLANG_WARN_BOOL_CONVERSION = YES;
				CLANG_WARN_COMMA = YES;
				CLANG_WARN_CONSTANT_CONVERSION = YES;
				CLANG_WARN_DEPRECATED_OBJC_IMPLEMENTATIONS = YES;
				CLANG_WARN_DIRECT_OBJC_ISA_USAGE = YES_ERROR;
				CLANG_WARN_DOCUMENTATION_COMMENTS = YES;
				CLANG_WARN_EMPTY_BODY = YES;
				CLANG_WARN_ENUM_CONVERSION = YES;
				CLANG_WARN_INFINITE_RECURSION = YES;
				CLANG_WARN_INT_CONVERSION = YES;
				CLANG_WARN_NON_LITERAL_NULL_CONVERSION = YES;
				CLANG_WARN_OBJC_IMPLICIT_RETAIN_SELF = YES;
				CLANG_WARN_OBJC_LITERAL_CONVERSION = YES;
				CLANG_WARN_OBJC_ROOT_CLASS = YES_ERROR;
				CLANG_WARN_QUOTED_INCLUDE_IN_FRAMEWORK_HEADER = YES;
				CLANG_WARN_RANGE_LOOP_ANALYSIS = YES;
				CLANG_WARN_STRICT_PROTOTYPES = YES;
				CLANG_WARN_SUSPICIOUS_MOVE = YES;
				CLANG_WARN_UNGUARDED_AVAILABILITY = YES_AGGRESSIVE;
				CLANG_WARN_UNREACHABLE_CODE = YES;
				CLANG_WARN__DUPLICATE_METHOD_MATCH = YES;
				COPY_PHASE_STRIP = NO;
				DEBUG_INFORMATION_FORMAT = "dwarf-with-dsym";
				ENABLE_NS_ASSERTIONS = NO;
				ENABLE_STRICT_OBJC_MSGSEND = YES;
				ENABLE_USER_SCRIPT_SANDBOXING = YES;
				GCC_C_LANGUAGE_STANDARD = gnu17;
				GCC_NO_COMMON_BLOCKS = YES;
				GCC_WARN_64_TO_32_BIT_CONVERSION = YES;
				GCC_WARN_ABOUT_RETURN_TYPE = YES_ERROR;
				GCC_WARN_UNDECLARED_SELECTOR = YES;
				GCC_WARN_UNINITIALIZED_AUTOS = YES_AGGRESSIVE;
				GCC_WARN_UNUSED_FUNCTION = YES;
				GCC_WARN_UNUSED_VARIABLE = YES;
				IPHONEOS_DEPLOYMENT_TARGET = 17.5;
				LOCALIZATION_PREFERS_STRING_CATALOGS = YES;
				MTL_ENABLE_DEBUG_INFO = NO;
				MTL_FAST_MATH = YES;
				SDKROOT = iphoneos;
				SWIFT_COMPILATION_MODE = wholemodule;
				VALIDATE_PRODUCT = YES;
			};
			name = Release;
		};
		01F5C0422C4F69B20090C5F4 /* Debug */ = {
			isa = XCBuildConfiguration;
			buildSettings = {
				ASSETCATALOG_COMPILER_APPICON_NAME = AppIcon;
				ASSETCATALOG_COMPILER_GLOBAL_ACCENT_COLOR_NAME = AccentColor;
				CODE_SIGN_STYLE = Automatic;
				CURRENT_PROJECT_VERSION = 1;
				DEVELOPMENT_ASSET_PATHS = "\"Journal/Preview Content\"";
				DEVELOPMENT_TEAM = AM2M44BBVB;
				ENABLE_PREVIEWS = YES;
				GENERATE_INFOPLIST_FILE = YES;
				INFOPLIST_FILE = Journal/Info.plist;
				INFOPLIST_KEY_LSApplicationCategoryType = "";
				INFOPLIST_KEY_UIApplicationSceneManifest_Generation = YES;
				INFOPLIST_KEY_UIApplicationSupportsIndirectInputEvents = YES;
				INFOPLIST_KEY_UILaunchScreen_Generation = YES;
				INFOPLIST_KEY_UISupportedInterfaceOrientations_iPad = "UIInterfaceOrientationPortrait UIInterfaceOrientationPortraitUpsideDown UIInterfaceOrientationLandscapeLeft UIInterfaceOrientationLandscapeRight";
				INFOPLIST_KEY_UISupportedInterfaceOrientations_iPhone = "UIInterfaceOrientationPortrait UIInterfaceOrientationLandscapeLeft UIInterfaceOrientationLandscapeRight";
				LD_RUNPATH_SEARCH_PATHS = (
					"$(inherited)",
					"@executable_path/Frameworks",
				);
				MARKETING_VERSION = 1.0;
				PRODUCT_BUNDLE_IDENTIFIER = yn.Journal;
				PRODUCT_NAME = "$(TARGET_NAME)";
				SWIFT_EMIT_LOC_STRINGS = YES;
				SWIFT_VERSION = 5.0;
				TARGETED_DEVICE_FAMILY = "1,2";
			};
			name = Debug;
		};
		01F5C0432C4F69B20090C5F4 /* Release */ = {
			isa = XCBuildConfiguration;
			buildSettings = {
				ASSETCATALOG_COMPILER_APPICON_NAME = AppIcon;
				ASSETCATALOG_COMPILER_GLOBAL_ACCENT_COLOR_NAME = AccentColor;
				CODE_SIGN_STYLE = Automatic;
				CURRENT_PROJECT_VERSION = 1;
				DEVELOPMENT_ASSET_PATHS = "\"Journal/Preview Content\"";
				DEVELOPMENT_TEAM = AM2M44BBVB;
				ENABLE_PREVIEWS = YES;
				GENERATE_INFOPLIST_FILE = YES;
				INFOPLIST_FILE = Journal/Info.plist;
				INFOPLIST_KEY_LSApplicationCategoryType = "";
				INFOPLIST_KEY_UIApplicationSceneManifest_Generation = YES;
				INFOPLIST_KEY_UIApplicationSupportsIndirectInputEvents = YES;
				INFOPLIST_KEY_UILaunchScreen_Generation = YES;
				INFOPLIST_KEY_UISupportedInterfaceOrientations_iPad = "UIInterfaceOrientationPortrait UIInterfaceOrientationPortraitUpsideDown UIInterfaceOrientationLandscapeLeft UIInterfaceOrientationLandscapeRight";
				INFOPLIST_KEY_UISupportedInterfaceOrientations_iPhone = "UIInterfaceOrientationPortrait UIInterfaceOrientationLandscapeLeft UIInterfaceOrientationLandscapeRight";
				LD_RUNPATH_SEARCH_PATHS = (
					"$(inherited)",
					"@executable_path/Frameworks",
				);
				MARKETING_VERSION = 1.0;
				PRODUCT_BUNDLE_IDENTIFIER = yn.Journal;
				PRODUCT_NAME = "$(TARGET_NAME)";
				SWIFT_EMIT_LOC_STRINGS = YES;
				SWIFT_VERSION = 5.0;
				TARGETED_DEVICE_FAMILY = "1,2";
			};
			name = Release;
		};
/* End XCBuildConfiguration section */

/* Begin XCConfigurationList section */
		01F5C02E2C4F69AF0090C5F4 /* Build configuration list for PBXProject "Journal" */ = {
			isa = XCConfigurationList;
			buildConfigurations = (
				01F5C03F2C4F69B20090C5F4 /* Debug */,
				01F5C0402C4F69B20090C5F4 /* Release */,
			);
			defaultConfigurationIsVisible = 0;
			defaultConfigurationName = Release;
		};
		01F5C0412C4F69B20090C5F4 /* Build configuration list for PBXNativeTarget "Journal" */ = {
			isa = XCConfigurationList;
			buildConfigurations = (
				01F5C0422C4F69B20090C5F4 /* Debug */,
				01F5C0432C4F69B20090C5F4 /* Release */,
			);
			defaultConfigurationIsVisible = 0;
			defaultConfigurationName = Release;
		};
/* End XCConfigurationList section */

/* Begin XCRemoteSwiftPackageReference section */
		01F5C05F2C5257810090C5F4 /* XCRemoteSwiftPackageReference "SQLite.swift" */ = {
			isa = XCRemoteSwiftPackageReference;
			repositoryURL = "https://github.com/stephencelis/SQLite.swift.git";
			requirement = {
				kind = upToNextMajorVersion;
				minimumVersion = 0.15.3;
			};
		};
/* End XCRemoteSwiftPackageReference section */

/* Begin XCSwiftPackageProductDependency section */
		01F5C0602C5257810090C5F4 /* SQLite */ = {
			isa = XCSwiftPackageProductDependency;
			package = 01F5C05F2C5257810090C5F4 /* XCRemoteSwiftPackageReference "SQLite.swift" */;
			productName = SQLite;
		};
/* End XCSwiftPackageProductDependency section */
	};
	rootObject = 01F5C02B2C4F69AF0090C5F4 /* Project object */;
}
